
Microsoft Visual Studio Solution File, Format Version 12.00
# Visual Studio Version 17
VisualStudioVersion = 17.3.32929.385
MinimumVisualStudioVersion = 10.0.40219.1
Project("{FAE04EC0-301F-11D3-BF4B-00C04F79EFBC}") = "Tetris", "Tetris.csproj", "{F17E5287-C8CB-4BED-959A-58DC206E68A7}"
EndProject
Global
	GlobalSection(SolutionConfigurationPlatforms) = preSolution
		Debug|Any CPU = Debug|Any CPU
		Release|Any CPU = Release|Any CPU
	EndGlobalSection
	GlobalSection(ProjectConfigurationPlatforms) = postSolution
		{F17E5287-C8CB-4BED-959A-58DC206E68A7}.Debug|Any CPU.ActiveCfg = Debug|Any CPU
		{F17E5287-C8CB-4BED-959A-58DC206E68A7}.Debug|Any CPU.Build.0 = Debug|Any CPU
		{F17E5287-C8CB-4BED-959A-58DC206E68A7}.Release|Any CPU.ActiveCfg = Release|Any CPU
		{F17E5287-C8CB-4BED-959A-58DC206E68A7}.Release|Any CPU.Build.0 = Release|Any CPU
	EndGlobalSection
	GlobalSection(SolutionProperties) = preSolution
		HideSolutionNode = FALSE
	EndGlobalSection
	GlobalSection(ExtensibilityGlobals) = postSolution
		SolutionGuid = {1DAE6311-DF01-4FDD-871A-E99BCF735B20}
	EndGlobalSection
EndGlobal
